
Microsoft Visual Studio Solution File, Format Version 12.00
# Visual Studio Version 17
VisualStudioVersion = 17.0.32112.339
MinimumVisualStudioVersion = 10.0.40219.1
Project("{FAE04EC0-301F-11D3-BF4B-00C04F79EFBC}") = "TRMDataManager", "TRMDataManager\TRMDataManager.csproj", "{BD996221-1597-400A-808F-F21A56A8374A}"
EndProject
Project("{00D1A9C2-B5F0-4AF3-8072-F6C62B433612}") = "TRMData", "TRMData\TRMData.sqlproj", "{21C97699-0046-4844-B785-33B1CF134E11}"
EndProject
Project("{FAE04EC0-301F-11D3-BF4B-00C04F79EFBC}") = "TRMDesktopUI", "TRMDesktopUI\TRMDesktopUI.csproj", "{9B8A89A8-BD77-4E2C-AFAC-0E3235B724D3}"
EndProject
Project("{FAE04EC0-301F-11D3-BF4B-00C04F79EFBC}") = "TRMDataManager.Library", "TRMDataManager.Library\TRMDataManager.Library.csproj", "{A8C41FB1-7A48-490F-9C77-42F95DAB8059}"
EndProject
Project("{FAE04EC0-301F-11D3-BF4B-00C04F79EFBC}") = "TRMDesktopUI.Library", "TRMDesktopUI.Library\TRMDesktopUI.Library.csproj", "{64EB9BA1-C980-4FDE-A39F-7ADECF43FA7D}"
EndProject
Global
	GlobalSection(SolutionConfigurationPlatforms) = preSolution
		Debug|Any CPU = Debug|Any CPU
		Release|Any CPU = Release|Any CPU
	EndGlobalSection
	GlobalSection(ProjectConfigurationPlatforms) = postSolution
		{BD996221-1597-400A-808F-F21A56A8374A}.Debug|Any CPU.ActiveCfg = Debug|Any CPU
		{BD996221-1597-400A-808F-F21A56A8374A}.Debug|Any CPU.Build.0 = Debug|Any CPU
		{BD996221-1597-400A-808F-F21A56A8374A}.Release|Any CPU.ActiveCfg = Release|Any CPU
		{BD996221-1597-400A-808F-F21A56A8374A}.Release|Any CPU.Build.0 = Release|Any CPU
		{21C97699-0046-4844-B785-33B1CF134E11}.Debug|Any CPU.ActiveCfg = Debug|Any CPU
		{21C97699-0046-4844-B785-33B1CF134E11}.Debug|Any CPU.Build.0 = Debug|Any CPU
		{21C97699-0046-4844-B785-33B1CF134E11}.Debug|Any CPU.Deploy.0 = Debug|Any CPU
		{21C97699-0046-4844-B785-33B1CF134E11}.Release|Any CPU.ActiveCfg = Release|Any CPU
		{21C97699-0046-4844-B785-33B1CF134E11}.Release|Any CPU.Build.0 = Release|Any CPU
		{21C97699-0046-4844-B785-33B1CF134E11}.Release|Any CPU.Deploy.0 = Release|Any CPU
		{9B8A89A8-BD77-4E2C-AFAC-0E3235B724D3}.Debug|Any CPU.ActiveCfg = Debug|Any CPU
		{9B8A89A8-BD77-4E2C-AFAC-0E3235B724D3}.Debug|Any CPU.Build.0 = Debug|Any CPU
		{9B8A89A8-BD77-4E2C-AFAC-0E3235B724D3}.Release|Any CPU.ActiveCfg = Release|Any CPU
		{9B8A89A8-BD77-4E2C-AFAC-0E3235B724D3}.Release|Any CPU.Build.0 = Release|Any CPU
		{A8C41FB1-7A48-490F-9C77-42F95DAB8059}.Debug|Any CPU.ActiveCfg = Debug|Any CPU
		{A8C41FB1-7A48-490F-9C77-42F95DAB8059}.Debug|Any CPU.Build.0 = Debug|Any CPU
		{A8C41FB1-7A48-490F-9C77-42F95DAB8059}.Release|Any CPU.ActiveCfg = Release|Any CPU
		{A8C41FB1-7A48-490F-9C77-42F95DAB8059}.Release|Any CPU.Build.0 = Release|Any CPU
		{64EB9BA1-C980-4FDE-A39F-7ADECF43FA7D}.Debug|Any CPU.ActiveCfg = Debug|Any CPU
		{64EB9BA1-C980-4FDE-A39F-7ADECF43FA7D}.Debug|Any CPU.Build.0 = Debug|Any CPU
		{64EB9BA1-C980-4FDE-A39F-7ADECF43FA7D}.Release|Any CPU.ActiveCfg = Release|Any CPU
		{64EB9BA1-C980-4FDE-A39F-7ADECF43FA7D}.Release|Any CPU.Build.0 = Release|Any CPU
	EndGlobalSection
	GlobalSection(SolutionProperties) = preSolution
		HideSolutionNode = FALSE
	EndGlobalSection
	GlobalSection(ExtensibilityGlobals) = postSolution
		SolutionGuid = {D2273512-F0B6-4F0B-B148-46D1EA14924C}
	EndGlobalSection
EndGlobal
